
Microsoft Visual Studio Solution File, Format Version 12.00
# Visual Studio Version 16
VisualStudioVersion = 16.0.33423.256
MinimumVisualStudioVersion = 10.0.40219.1
Project("{FAE04EC0-301F-11D3-BF4B-00C04F79EFBC}") = "RimScentReworked", "RimScentReworked.csproj", "{1A45B595-81EC-4D19-8513-1D4C069D4D7E}"
EndProject
Global
	GlobalSection(SolutionConfigurationPlatforms) = preSolution
		Debug|Any CPU = Debug|Any CPU
		Release|Any CPU = Release|Any CPU
	EndGlobalSection
	GlobalSection(ProjectConfigurationPlatforms) = postSolution
		{1A45B595-81EC-4D19-8513-1D4C069D4D7E}.Debug|Any CPU.ActiveCfg = Debug|Any CPU
		{1A45B595-81EC-4D19-8513-1D4C069D4D7E}.Debug|Any CPU.Build.0 = Debug|Any CPU
		{1A45B595-81EC-4D19-8513-1D4C069D4D7E}.Release|Any CPU.ActiveCfg = Release|Any CPU
		{1A45B595-81EC-4D19-8513-1D4C069D4D7E}.Release|Any CPU.Build.0 = Release|Any CPU
	EndGlobalSection
	GlobalSection(SolutionProperties) = preSolution
		HideSolutionNode = FALSE
	EndGlobalSection
	GlobalSection(ExtensibilityGlobals) = postSolution
		SolutionGuid = {F1F3DDE4-5B40-403B-8896-4550C7B7BCC4}
	EndGlobalSection
EndGlobal
